# This file is autogenerated, do not edit; changes may be undone by the next 'dep ensure'.


[[projects]]
  digest = "1:ec6f9bf5e274c833c911923c9193867f3f18788c461f76f05f62bb1510e0ae65"
  name = "github.com/go-sql-driver/mysql"
  packages = ["."]
  pruneopts = "UT"
  revision = "72cd26f257d44c1114970e19afddcd812016007e"
  version = "v1.4.1"

[[projects]]
  branch = "master"
  digest = "1:65a1fbebcfe7cc0e70dafc7f5aa4d5b81e220f0008e4490a0ac3a1547962a973"
  name = "goa.design/plugins"
  packages = [
    "cors",
    "cors/dsl",
    "cors/expr",
  ]
  pruneopts = "UT"
  revision = "e801dd66f79fd62f4ee885d4d1b66e187f584b2c"

[[projects]]
  digest = "1:c25289f43ac4a68d88b02245742347c94f1e108c534dda442188015ff80669b3"
  name = "google.golang.org/appengine"
  packages = ["cloudsql"]
  pruneopts = "UT"
  revision = "54a98f90d1c46b7731eb8fb305d2a321c30ef610"
  version = "v1.5.0"

[solve-meta]
  analyzer-name = "dep"
  analyzer-version = 1
  input-imports = [
    "github.com/go-sql-driver/mysql",
    "goa.design/plugins/cors/dsl",
  ]
  solver-name = "gps-cdcl"
  solver-version = 1
